
Microsoft Visual Studio Solution File, Format Version 12.00
# Visual Studio Version 17
VisualStudioVersion = 17.0.31903.59
MinimumVisualStudioVersion = 10.0.40219.1
Project("{FAE04EC0-301F-11D3-BF4B-00C04F79EFBC}") = "StoreApp", "StoreApp\StoreApp.csproj", "{33862318-6300-43A0-BDBA-614E06EF9605}"
EndProject
Project("{FAE04EC0-301F-11D3-BF4B-00C04F79EFBC}") = "Entities", "Entities\Entities.csproj", "{145AB80C-8286-4CDC-A192-F593D825724C}"
EndProject
Project("{FAE04EC0-301F-11D3-BF4B-00C04F79EFBC}") = "Repositories", "Repositories\Repositories.csproj", "{31A9EB3B-32A8-4095-AC7A-C2AA7D277F05}"
EndProject
Project("{FAE04EC0-301F-11D3-BF4B-00C04F79EFBC}") = "Services", "Services\Services.csproj", "{3A627BCD-768C-45EF-B6FF-FADC6E9CD65D}"
EndProject
Global
	GlobalSection(SolutionConfigurationPlatforms) = preSolution
		Debug|Any CPU = Debug|Any CPU
		Debug|x64 = Debug|x64
		Debug|x86 = Debug|x86
		Release|Any CPU = Release|Any CPU
		Release|x64 = Release|x64
		Release|x86 = Release|x86
	EndGlobalSection
	GlobalSection(ProjectConfigurationPlatforms) = postSolution
		{33862318-6300-43A0-BDBA-614E06EF9605}.Debug|Any CPU.ActiveCfg = Debug|Any CPU
		{33862318-6300-43A0-BDBA-614E06EF9605}.Debug|Any CPU.Build.0 = Debug|Any CPU
		{33862318-6300-43A0-BDBA-614E06EF9605}.Debug|x64.ActiveCfg = Debug|Any CPU
		{33862318-6300-43A0-BDBA-614E06EF9605}.Debug|x64.Build.0 = Debug|Any CPU
		{33862318-6300-43A0-BDBA-614E06EF9605}.Debug|x86.ActiveCfg = Debug|Any CPU
		{33862318-6300-43A0-BDBA-614E06EF9605}.Debug|x86.Build.0 = Debug|Any CPU
		{33862318-6300-43A0-BDBA-614E06EF9605}.Release|Any CPU.ActiveCfg = Release|Any CPU
		{33862318-6300-43A0-BDBA-614E06EF9605}.Release|Any CPU.Build.0 = Release|Any CPU
		{33862318-6300-43A0-BDBA-614E06EF9605}.Release|x64.ActiveCfg = Release|Any CPU
		{33862318-6300-43A0-BDBA-614E06EF9605}.Release|x64.Build.0 = Release|Any CPU
		{33862318-6300-43A0-BDBA-614E06EF9605}.Release|x86.ActiveCfg = Release|Any CPU
		{33862318-6300-43A0-BDBA-614E06EF9605}.Release|x86.Build.0 = Release|Any CPU
		{145AB80C-8286-4CDC-A192-F593D825724C}.Debug|Any CPU.ActiveCfg = Debug|Any CPU
		{145AB80C-8286-4CDC-A192-F593D825724C}.Debug|Any CPU.Build.0 = Debug|Any CPU
		{145AB80C-8286-4CDC-A192-F593D825724C}.Debug|x64.ActiveCfg = Debug|Any CPU
		{145AB80C-8286-4CDC-A192-F593D825724C}.Debug|x64.Build.0 = Debug|Any CPU
		{145AB80C-8286-4CDC-A192-F593D825724C}.Debug|x86.ActiveCfg = Debug|Any CPU
		{145AB80C-8286-4CDC-A192-F593D825724C}.Debug|x86.Build.0 = Debug|Any CPU
		{145AB80C-8286-4CDC-A192-F593D825724C}.Release|Any CPU.ActiveCfg = Release|Any CPU
		{145AB80C-8286-4CDC-A192-F593D825724C}.Release|Any CPU.Build.0 = Release|Any CPU
		{145AB80C-8286-4CDC-A192-F593D825724C}.Release|x64.ActiveCfg = Release|Any CPU
		{145AB80C-8286-4CDC-A192-F593D825724C}.Release|x64.Build.0 = Release|Any CPU
		{145AB80C-8286-4CDC-A192-F593D825724C}.Release|x86.ActiveCfg = Release|Any CPU
		{145AB80C-8286-4CDC-A192-F593D825724C}.Release|x86.Build.0 = Release|Any CPU
		{31A9EB3B-32A8-4095-AC7A-C2AA7D277F05}.Debug|Any CPU.ActiveCfg = Debug|Any CPU
		{31A9EB3B-32A8-4095-AC7A-C2AA7D277F05}.Debug|Any CPU.Build.0 = Debug|Any CPU
		{31A9EB3B-32A8-4095-AC7A-C2AA7D277F05}.Debug|x64.ActiveCfg = Debug|Any CPU
		{31A9EB3B-32A8-4095-AC7A-C2AA7D277F05}.Debug|x64.Build.0 = Debug|Any CPU
		{31A9EB3B-32A8-4095-AC7A-C2AA7D277F05}.Debug|x86.ActiveCfg = Debug|Any CPU
		{31A9EB3B-32A8-4095-AC7A-C2AA7D277F05}.Debug|x86.Build.0 = Debug|Any CPU
		{31A9EB3B-32A8-4095-AC7A-C2AA7D277F05}.Release|Any CPU.ActiveCfg = Release|Any CPU
		{31A9EB3B-32A8-4095-AC7A-C2AA7D277F05}.Release|Any CPU.Build.0 = Release|Any CPU
		{31A9EB3B-32A8-4095-AC7A-C2AA7D277F05}.Release|x64.ActiveCfg = Release|Any CPU
		{31A9EB3B-32A8-4095-AC7A-C2AA7D277F05}.Release|x64.Build.0 = Release|Any CPU
		{31A9EB3B-32A8-4095-AC7A-C2AA7D277F05}.Release|x86.ActiveCfg = Release|Any CPU
		{31A9EB3B-32A8-4095-AC7A-C2AA7D277F05}.Release|x86.Build.0 = Release|Any CPU
		{3A627BCD-768C-45EF-B6FF-FADC6E9CD65D}.Debug|Any CPU.ActiveCfg = Debug|Any CPU
		{3A627BCD-768C-45EF-B6FF-FADC6E9CD65D}.Debug|Any CPU.Build.0 = Debug|Any CPU
		{3A627BCD-768C-45EF-B6FF-FADC6E9CD65D}.Debug|x64.ActiveCfg = Debug|Any CPU
		{3A627BCD-768C-45EF-B6FF-FADC6E9CD65D}.Debug|x64.Build.0 = Debug|Any CPU
		{3A627BCD-768C-45EF-B6FF-FADC6E9CD65D}.Debug|x86.ActiveCfg = Debug|Any CPU
		{3A627BCD-768C-45EF-B6FF-FADC6E9CD65D}.Debug|x86.Build.0 = Debug|Any CPU
		{3A627BCD-768C-45EF-B6FF-FADC6E9CD65D}.Release|Any CPU.ActiveCfg = Release|Any CPU
		{3A627BCD-768C-45EF-B6FF-FADC6E9CD65D}.Release|Any CPU.Build.0 = Release|Any CPU
		{3A627BCD-768C-45EF-B6FF-FADC6E9CD65D}.Release|x64.ActiveCfg = Release|Any CPU
		{3A627BCD-768C-45EF-B6FF-FADC6E9CD65D}.Release|x64.Build.0 = Release|Any CPU
		{3A627BCD-768C-45EF-B6FF-FADC6E9CD65D}.Release|x86.ActiveCfg = Release|Any CPU
		{3A627BCD-768C-45EF-B6FF-FADC6E9CD65D}.Release|x86.Build.0 = Release|Any CPU
	EndGlobalSection
	GlobalSection(SolutionProperties) = preSolution
		HideSolutionNode = FALSE
	EndGlobalSection
EndGlobal
